
Microsoft Visual Studio Solution File, Format Version 12.00
# Visual Studio Version 16
VisualStudioVersion = 16.0.30523.141
MinimumVisualStudioVersion = 10.0.40219.1
Project("{FAE04EC0-301F-11D3-BF4B-00C04F79EFBC}") = "RockPaperScissorsLizardSpock", "RockPaperScissorsLizardSpock\RockPaperScissorsLizardSpock.csproj", "{4C0848D4-599A-4213-8CF5-69BFF8AD6904}"
EndProject
Global
	GlobalSection(SolutionConfigurationPlatforms) = preSolution
		Debug|Any CPU = Debug|Any CPU
		Release|Any CPU = Release|Any CPU
	EndGlobalSection
	GlobalSection(ProjectConfigurationPlatforms) = postSolution
		{4C0848D4-599A-4213-8CF5-69BFF8AD6904}.Debug|Any CPU.ActiveCfg = Debug|Any CPU
		{4C0848D4-599A-4213-8CF5-69BFF8AD6904}.Debug|Any CPU.Build.0 = Debug|Any CPU
		{4C0848D4-599A-4213-8CF5-69BFF8AD6904}.Release|Any CPU.ActiveCfg = Release|Any CPU
		{4C0848D4-599A-4213-8CF5-69BFF8AD6904}.Release|Any CPU.Build.0 = Release|Any CPU
	EndGlobalSection
	GlobalSection(SolutionProperties) = preSolution
		HideSolutionNode = FALSE
	EndGlobalSection
	GlobalSection(ExtensibilityGlobals) = postSolution
		SolutionGuid = {E6686643-DCDD-40B3-9ADF-65254945AED1}
	EndGlobalSection
EndGlobal
